
Microsoft Visual Studio Solution File, Format Version 12.00
# Visual Studio Version 16
VisualStudioVersion = 16.0.31025.194
MinimumVisualStudioVersion = 10.0.40219.1
Project("{FAE04EC0-301F-11D3-BF4B-00C04F79EFBC}") = "Lagkagehuset", "Lagkagehuset\Lagkagehuset.csproj", "{B2F9B422-7541-490D-A7AD-67FEB15FAFF2}"
EndProject
Global
	GlobalSection(SolutionConfigurationPlatforms) = preSolution
		Debug|Any CPU = Debug|Any CPU
		Release|Any CPU = Release|Any CPU
	EndGlobalSection
	GlobalSection(ProjectConfigurationPlatforms) = postSolution
		{B2F9B422-7541-490D-A7AD-67FEB15FAFF2}.Debug|Any CPU.ActiveCfg = Debug|Any CPU
		{B2F9B422-7541-490D-A7AD-67FEB15FAFF2}.Debug|Any CPU.Build.0 = Debug|Any CPU
		{B2F9B422-7541-490D-A7AD-67FEB15FAFF2}.Release|Any CPU.ActiveCfg = Release|Any CPU
		{B2F9B422-7541-490D-A7AD-67FEB15FAFF2}.Release|Any CPU.Build.0 = Release|Any CPU
	EndGlobalSection
	GlobalSection(SolutionProperties) = preSolution
		HideSolutionNode = FALSE
	EndGlobalSection
	GlobalSection(ExtensibilityGlobals) = postSolution
		SolutionGuid = {E75C5295-D79E-4554-8450-D26E26B9E1E2}
	EndGlobalSection
EndGlobal
